
Microsoft Visual Studio Solution File, Format Version 12.00
# Visual Studio Version 17
VisualStudioVersion = 17.10.35027.167
MinimumVisualStudioVersion = 10.0.40219.1
Project("{2150E333-8FDC-42A3-9474-1A3956D46DE8}") = "Services", "Services", "{B7E59AE1-537F-43C1-8971-F51D8DFE1D36}"
EndProject
Project("{2150E333-8FDC-42A3-9474-1A3956D46DE8}") = "Catalog", "Catalog", "{7F768764-2444-4CB7-B2E7-AA52639BEAA8}"
EndProject
Project("{9A19103F-16F7-4668-BE54-9A1E7A4F7556}") = "MicroMultiBusiness.Catalog", "Services\Catalog\MicroMultiBusiness.Catalog\MicroMultiBusiness.Catalog.csproj", "{855626A6-3555-4A35-BAC2-9B4144B9CC0F}"
EndProject
Project("{2150E333-8FDC-42A3-9474-1A3956D46DE8}") = "Order", "Order", "{9C37437D-605C-4C3C-B150-BD96DB50C843}"
EndProject
Project("{2150E333-8FDC-42A3-9474-1A3956D46DE8}") = "Discount", "Discount", "{2D8B3B99-C0AE-4A83-8BB6-8D718F74250A}"
EndProject
Project("{9A19103F-16F7-4668-BE54-9A1E7A4F7556}") = "MicroMultiBusiness.Discount", "Services\Discount\MicroMultiBusiness.Discount\MicroMultiBusiness.Discount.csproj", "{B160EB57-F734-49AB-B6AF-11532B2C5722}"
EndProject
Project("{2150E333-8FDC-42A3-9474-1A3956D46DE8}") = "Core", "Core", "{08DFFBD3-59BA-447D-9BC8-7926E0F7033E}"
EndProject
Project("{2150E333-8FDC-42A3-9474-1A3956D46DE8}") = "Infrastructure", "Infrastructure", "{00570DD8-3F8E-4FA6-98F9-B753229524FD}"
EndProject
Project("{2150E333-8FDC-42A3-9474-1A3956D46DE8}") = "Presentation", "Presentation", "{50A34C7D-C04B-4386-BE34-56D6E5BA0C3F}"
EndProject
Project("{9A19103F-16F7-4668-BE54-9A1E7A4F7556}") = "MicroMultiBusiness.Order.Application", "Services\Order\Core\MicroMultiBusiness.Order.Application\MicroMultiBusiness.Order.Application.csproj", "{EB8327F3-FCBB-4F98-BC5C-982DC8AD66F1}"
EndProject
Project("{9A19103F-16F7-4668-BE54-9A1E7A4F7556}") = "MicroMultiBusiness.Order.Domain", "Services\Order\Core\MicroMultiBusiness.Order.Domain\MicroMultiBusiness.Order.Domain.csproj", "{FCCD2B52-D834-4BE6-BD6F-E8D3A9E404A8}"
EndProject
Project("{9A19103F-16F7-4668-BE54-9A1E7A4F7556}") = "MicroMultiBusiness.Order.Persistance", "Services\Order\Infrastructure\MicroMultiBusiness.Order.Persistance\MicroMultiBusiness.Order.Persistance.csproj", "{F6C89E8B-CB54-43DD-ADEC-8615107F5C6D}"
EndProject
Project("{9A19103F-16F7-4668-BE54-9A1E7A4F7556}") = "MicroMultiBusiness.Order.WebAPI", "Services\Order\Presentation\MicroMultiBusiness.Order.WebAPI\MicroMultiBusiness.Order.WebAPI.csproj", "{8C9DDA51-8AC4-4D06-B97A-77C5068855DB}"
EndProject
Project("{2150E333-8FDC-42A3-9474-1A3956D46DE8}") = "IdentityServer", "IdentityServer", "{DE838C73-CB30-4604-B11A-6AF4C66E10E1}"
EndProject
Project("{9A19103F-16F7-4668-BE54-9A1E7A4F7556}") = "MicroMultiBusiness.IdentityServer", "IdentityServer\MicroMultiBusiness.IdentityServer\MicroMultiBusiness.IdentityServer.csproj", "{4E5146D3-FA3A-4FBB-9CF8-3BACDF48E916}"
EndProject
Project("{2150E333-8FDC-42A3-9474-1A3956D46DE8}") = "Requirements", "Requirements", "{E92A47C8-C0D7-4DEB-A424-07237D2BED53}"
	ProjectSection(SolutionItems) = preProject
		TextFilesToHelp\AdminStatisticApiForUI.txt = TextFilesToHelp\AdminStatisticApiForUI.txt
		TextFilesToHelp\Card.txt = TextFilesToHelp\Card.txt
		TextFilesToHelp\Card2.txt = TextFilesToHelp\Card2.txt
		TextFilesToHelp\FontAwesomeLink.txt = TextFilesToHelp\FontAwesomeLink.txt
		TextFilesToHelp\IdentityServerVersionErrorSolution.txt = TextFilesToHelp\IdentityServerVersionErrorSolution.txt
		TextFilesToHelp\LoginIndex.txt = TextFilesToHelp\LoginIndex.txt
		TextFilesToHelp\OcelotCodeExample.txt = TextFilesToHelp\OcelotCodeExample.txt
		TextFilesToHelp\OcelotLink.txt = TextFilesToHelp\OcelotLink.txt
		TextFilesToHelp\OrderHtml.txt = TextFilesToHelp\OrderHtml.txt
		TextFilesToHelp\PortainerCmd.txt = TextFilesToHelp\PortainerCmd.txt
		TextFilesToHelp\PortNumbers.txt = TextFilesToHelp\PortNumbers.txt
		TextFilesToHelp\SimpleCode.txt = TextFilesToHelp\SimpleCode.txt
		TextFilesToHelp\TokenExampleCodeUIProgramCs.txt = TextFilesToHelp\TokenExampleCodeUIProgramCs.txt
		TextFilesToHelp\UserExample.txt = TextFilesToHelp\UserExample.txt
	EndProjectSection
EndProject
Project("{2150E333-8FDC-42A3-9474-1A3956D46DE8}") = "Cargo", "Cargo", "{46AD5A56-5146-493B-B30D-7A5E2EFCED05}"
EndProject
Project("{FAE04EC0-301F-11D3-BF4B-00C04F79EFBC}") = "MicroMultiBusiness.Cargo.EntityLayer", "Services\Cargo\MicroMultiBusiness.Cargo.EntityLayer\MicroMultiBusiness.Cargo.EntityLayer.csproj", "{77945050-5073-4519-878A-6836F1CEF939}"
EndProject
Project("{FAE04EC0-301F-11D3-BF4B-00C04F79EFBC}") = "MicroMultiBusiness.Cargo.DataAccessLayer", "Services\Cargo\MicroMultiBusiness.Cargo.DataAccessLayer\MicroMultiBusiness.Cargo.DataAccessLayer.csproj", "{3D729B7E-605B-4434-84F0-0E38EEB903B4}"
EndProject
Project("{FAE04EC0-301F-11D3-BF4B-00C04F79EFBC}") = "MicroMultiBusiness.Cargo.DTOLayer", "Services\Cargo\MicroMultiBusiness.Cargo.DTOLayer\MicroMultiBusiness.Cargo.DTOLayer.csproj", "{C88D3519-1D76-44AE-AEBC-3DA2491586A5}"
EndProject
Project("{FAE04EC0-301F-11D3-BF4B-00C04F79EFBC}") = "MicroMultiBusiness.Cargo.WebAPI", "Services\Cargo\MicroMultiBusiness.Cargo.WebAPI\MicroMultiBusiness.Cargo.WebAPI.csproj", "{D25C09F2-8E52-48DE-B59C-BCFF2EFCF145}"
EndProject
Project("{FAE04EC0-301F-11D3-BF4B-00C04F79EFBC}") = "MicroMultiBusiness.Cargo.BusinessLayer", "Services\Cargo\MicroMultiBusiness.Cargo.BusinessLayer\MicroMultiBusiness.Cargo.BusinessLayer.csproj", "{E6CE5770-C740-435F-830C-9E4BB7FEB2E9}"
EndProject
Global
	GlobalSection(SolutionConfigurationPlatforms) = preSolution
		Debug|Any CPU = Debug|Any CPU
		Release|Any CPU = Release|Any CPU
	EndGlobalSection
	GlobalSection(ProjectConfigurationPlatforms) = postSolution
		{855626A6-3555-4A35-BAC2-9B4144B9CC0F}.Debug|Any CPU.ActiveCfg = Debug|Any CPU
		{855626A6-3555-4A35-BAC2-9B4144B9CC0F}.Debug|Any CPU.Build.0 = Debug|Any CPU
		{855626A6-3555-4A35-BAC2-9B4144B9CC0F}.Release|Any CPU.ActiveCfg = Release|Any CPU
		{855626A6-3555-4A35-BAC2-9B4144B9CC0F}.Release|Any CPU.Build.0 = Release|Any CPU
		{B160EB57-F734-49AB-B6AF-11532B2C5722}.Debug|Any CPU.ActiveCfg = Debug|Any CPU
		{B160EB57-F734-49AB-B6AF-11532B2C5722}.Debug|Any CPU.Build.0 = Debug|Any CPU
		{B160EB57-F734-49AB-B6AF-11532B2C5722}.Release|Any CPU.ActiveCfg = Release|Any CPU
		{B160EB57-F734-49AB-B6AF-11532B2C5722}.Release|Any CPU.Build.0 = Release|Any CPU
		{EB8327F3-FCBB-4F98-BC5C-982DC8AD66F1}.Debug|Any CPU.ActiveCfg = Debug|Any CPU
		{EB8327F3-FCBB-4F98-BC5C-982DC8AD66F1}.Debug|Any CPU.Build.0 = Debug|Any CPU
		{EB8327F3-FCBB-4F98-BC5C-982DC8AD66F1}.Release|Any CPU.ActiveCfg = Release|Any CPU
		{EB8327F3-FCBB-4F98-BC5C-982DC8AD66F1}.Release|Any CPU.Build.0 = Release|Any CPU
		{FCCD2B52-D834-4BE6-BD6F-E8D3A9E404A8}.Debug|Any CPU.ActiveCfg = Debug|Any CPU
		{FCCD2B52-D834-4BE6-BD6F-E8D3A9E404A8}.Debug|Any CPU.Build.0 = Debug|Any CPU
		{FCCD2B52-D834-4BE6-BD6F-E8D3A9E404A8}.Release|Any CPU.ActiveCfg = Release|Any CPU
		{FCCD2B52-D834-4BE6-BD6F-E8D3A9E404A8}.Release|Any CPU.Build.0 = Release|Any CPU
		{F6C89E8B-CB54-43DD-ADEC-8615107F5C6D}.Debug|Any CPU.ActiveCfg = Debug|Any CPU
		{F6C89E8B-CB54-43DD-ADEC-8615107F5C6D}.Debug|Any CPU.Build.0 = Debug|Any CPU
		{F6C89E8B-CB54-43DD-ADEC-8615107F5C6D}.Release|Any CPU.ActiveCfg = Release|Any CPU
		{F6C89E8B-CB54-43DD-ADEC-8615107F5C6D}.Release|Any CPU.Build.0 = Release|Any CPU
		{8C9DDA51-8AC4-4D06-B97A-77C5068855DB}.Debug|Any CPU.ActiveCfg = Debug|Any CPU
		{8C9DDA51-8AC4-4D06-B97A-77C5068855DB}.Debug|Any CPU.Build.0 = Debug|Any CPU
		{8C9DDA51-8AC4-4D06-B97A-77C5068855DB}.Release|Any CPU.ActiveCfg = Release|Any CPU
		{8C9DDA51-8AC4-4D06-B97A-77C5068855DB}.Release|Any CPU.Build.0 = Release|Any CPU
		{4E5146D3-FA3A-4FBB-9CF8-3BACDF48E916}.Debug|Any CPU.ActiveCfg = Debug|Any CPU
		{4E5146D3-FA3A-4FBB-9CF8-3BACDF48E916}.Debug|Any CPU.Build.0 = Debug|Any CPU
		{4E5146D3-FA3A-4FBB-9CF8-3BACDF48E916}.Release|Any CPU.ActiveCfg = Release|Any CPU
		{4E5146D3-FA3A-4FBB-9CF8-3BACDF48E916}.Release|Any CPU.Build.0 = Release|Any CPU
		{77945050-5073-4519-878A-6836F1CEF939}.Debug|Any CPU.ActiveCfg = Debug|Any CPU
		{77945050-5073-4519-878A-6836F1CEF939}.Debug|Any CPU.Build.0 = Debug|Any CPU
		{77945050-5073-4519-878A-6836F1CEF939}.Release|Any CPU.ActiveCfg = Release|Any CPU
		{77945050-5073-4519-878A-6836F1CEF939}.Release|Any CPU.Build.0 = Release|Any CPU
		{3D729B7E-605B-4434-84F0-0E38EEB903B4}.Debug|Any CPU.ActiveCfg = Debug|Any CPU
		{3D729B7E-605B-4434-84F0-0E38EEB903B4}.Debug|Any CPU.Build.0 = Debug|Any CPU
		{3D729B7E-605B-4434-84F0-0E38EEB903B4}.Release|Any CPU.ActiveCfg = Release|Any CPU
		{3D729B7E-605B-4434-84F0-0E38EEB903B4}.Release|Any CPU.Build.0 = Release|Any CPU
		{C88D3519-1D76-44AE-AEBC-3DA2491586A5}.Debug|Any CPU.ActiveCfg = Debug|Any CPU
		{C88D3519-1D76-44AE-AEBC-3DA2491586A5}.Debug|Any CPU.Build.0 = Debug|Any CPU
		{C88D3519-1D76-44AE-AEBC-3DA2491586A5}.Release|Any CPU.ActiveCfg = Release|Any CPU
		{C88D3519-1D76-44AE-AEBC-3DA2491586A5}.Release|Any CPU.Build.0 = Release|Any CPU
		{D25C09F2-8E52-48DE-B59C-BCFF2EFCF145}.Debug|Any CPU.ActiveCfg = Debug|Any CPU
		{D25C09F2-8E52-48DE-B59C-BCFF2EFCF145}.Debug|Any CPU.Build.0 = Debug|Any CPU
		{D25C09F2-8E52-48DE-B59C-BCFF2EFCF145}.Release|Any CPU.ActiveCfg = Release|Any CPU
		{D25C09F2-8E52-48DE-B59C-BCFF2EFCF145}.Release|Any CPU.Build.0 = Release|Any CPU
		{E6CE5770-C740-435F-830C-9E4BB7FEB2E9}.Debug|Any CPU.ActiveCfg = Debug|Any CPU
		{E6CE5770-C740-435F-830C-9E4BB7FEB2E9}.Debug|Any CPU.Build.0 = Debug|Any CPU
		{E6CE5770-C740-435F-830C-9E4BB7FEB2E9}.Release|Any CPU.ActiveCfg = Release|Any CPU
		{E6CE5770-C740-435F-830C-9E4BB7FEB2E9}.Release|Any CPU.Build.0 = Release|Any CPU
	EndGlobalSection
	GlobalSection(SolutionProperties) = preSolution
		HideSolutionNode = FALSE
	EndGlobalSection
	GlobalSection(NestedProjects) = preSolution
		{7F768764-2444-4CB7-B2E7-AA52639BEAA8} = {B7E59AE1-537F-43C1-8971-F51D8DFE1D36}
		{855626A6-3555-4A35-BAC2-9B4144B9CC0F} = {7F768764-2444-4CB7-B2E7-AA52639BEAA8}
		{9C37437D-605C-4C3C-B150-BD96DB50C843} = {B7E59AE1-537F-43C1-8971-F51D8DFE1D36}
		{2D8B3B99-C0AE-4A83-8BB6-8D718F74250A} = {B7E59AE1-537F-43C1-8971-F51D8DFE1D36}
		{B160EB57-F734-49AB-B6AF-11532B2C5722} = {2D8B3B99-C0AE-4A83-8BB6-8D718F74250A}
		{08DFFBD3-59BA-447D-9BC8-7926E0F7033E} = {9C37437D-605C-4C3C-B150-BD96DB50C843}
		{00570DD8-3F8E-4FA6-98F9-B753229524FD} = {9C37437D-605C-4C3C-B150-BD96DB50C843}
		{50A34C7D-C04B-4386-BE34-56D6E5BA0C3F} = {9C37437D-605C-4C3C-B150-BD96DB50C843}
		{EB8327F3-FCBB-4F98-BC5C-982DC8AD66F1} = {08DFFBD3-59BA-447D-9BC8-7926E0F7033E}
		{FCCD2B52-D834-4BE6-BD6F-E8D3A9E404A8} = {08DFFBD3-59BA-447D-9BC8-7926E0F7033E}
		{F6C89E8B-CB54-43DD-ADEC-8615107F5C6D} = {00570DD8-3F8E-4FA6-98F9-B753229524FD}
		{8C9DDA51-8AC4-4D06-B97A-77C5068855DB} = {50A34C7D-C04B-4386-BE34-56D6E5BA0C3F}
		{4E5146D3-FA3A-4FBB-9CF8-3BACDF48E916} = {DE838C73-CB30-4604-B11A-6AF4C66E10E1}
		{46AD5A56-5146-493B-B30D-7A5E2EFCED05} = {B7E59AE1-537F-43C1-8971-F51D8DFE1D36}
		{77945050-5073-4519-878A-6836F1CEF939} = {46AD5A56-5146-493B-B30D-7A5E2EFCED05}
		{3D729B7E-605B-4434-84F0-0E38EEB903B4} = {46AD5A56-5146-493B-B30D-7A5E2EFCED05}
		{C88D3519-1D76-44AE-AEBC-3DA2491586A5} = {46AD5A56-5146-493B-B30D-7A5E2EFCED05}
		{D25C09F2-8E52-48DE-B59C-BCFF2EFCF145} = {46AD5A56-5146-493B-B30D-7A5E2EFCED05}
		{E6CE5770-C740-435F-830C-9E4BB7FEB2E9} = {46AD5A56-5146-493B-B30D-7A5E2EFCED05}
	EndGlobalSection
	GlobalSection(ExtensibilityGlobals) = postSolution
		SolutionGuid = {B6EE88B0-1332-453A-B507-6CE52DA587B2}
	EndGlobalSection
EndGlobal
