
Microsoft Visual Studio Solution File, Format Version 12.00
# Visual Studio Version 17
VisualStudioVersion = 17.10.35027.167
MinimumVisualStudioVersion = 10.0.40219.1
Project("{2150E333-8FDC-42A3-9474-1A3956D46DE8}") = "Services", "Services", "{B7E59AE1-537F-43C1-8971-F51D8DFE1D36}"
EndProject
Project("{2150E333-8FDC-42A3-9474-1A3956D46DE8}") = "Catalog", "Catalog", "{7F768764-2444-4CB7-B2E7-AA52639BEAA8}"
EndProject
Project("{FAE04EC0-301F-11D3-BF4B-00C04F79EFBC}") = "MicroMultiBusiness.Catalog", "Services\Catalog\MicroMultiBusiness.Catalog\MicroMultiBusiness.Catalog.csproj", "{855626A6-3555-4A35-BAC2-9B4144B9CC0F}"
EndProject
Global
	GlobalSection(SolutionConfigurationPlatforms) = preSolution
		Debug|Any CPU = Debug|Any CPU
		Release|Any CPU = Release|Any CPU
	EndGlobalSection
	GlobalSection(ProjectConfigurationPlatforms) = postSolution
		{855626A6-3555-4A35-BAC2-9B4144B9CC0F}.Debug|Any CPU.ActiveCfg = Debug|Any CPU
		{855626A6-3555-4A35-BAC2-9B4144B9CC0F}.Debug|Any CPU.Build.0 = Debug|Any CPU
		{855626A6-3555-4A35-BAC2-9B4144B9CC0F}.Release|Any CPU.ActiveCfg = Release|Any CPU
		{855626A6-3555-4A35-BAC2-9B4144B9CC0F}.Release|Any CPU.Build.0 = Release|Any CPU
	EndGlobalSection
	GlobalSection(SolutionProperties) = preSolution
		HideSolutionNode = FALSE
	EndGlobalSection
	GlobalSection(NestedProjects) = preSolution
		{7F768764-2444-4CB7-B2E7-AA52639BEAA8} = {B7E59AE1-537F-43C1-8971-F51D8DFE1D36}
		{855626A6-3555-4A35-BAC2-9B4144B9CC0F} = {7F768764-2444-4CB7-B2E7-AA52639BEAA8}
	EndGlobalSection
	GlobalSection(ExtensibilityGlobals) = postSolution
		SolutionGuid = {B6EE88B0-1332-453A-B507-6CE52DA587B2}
	EndGlobalSection
EndGlobal
